
Microsoft Visual Studio Solution File, Format Version 12.00
# Visual Studio Version 16
VisualStudioVersion = 16.0.31025.194
MinimumVisualStudioVersion = 10.0.40219.1
Project("{00D1A9C2-B5F0-4AF3-8072-F6C62B433612}") = "Database", "Database\Database.sqlproj", "{D08F6017-3C95-43C3-AB56-769E486C514C}"
EndProject
Project("{FAE04EC0-301F-11D3-BF4B-00C04F79EFBC}") = "WebApplication", "WebApplication\WebApplication.csproj", "{31B75786-B316-4402-B7A7-34424D37C6B3}"
EndProject
Global
	GlobalSection(SolutionConfigurationPlatforms) = preSolution
		Debug|Any CPU = Debug|Any CPU
		Release|Any CPU = Release|Any CPU
	EndGlobalSection
	GlobalSection(ProjectConfigurationPlatforms) = postSolution
		{D08F6017-3C95-43C3-AB56-769E486C514C}.Debug|Any CPU.ActiveCfg = Debug|Any CPU
		{D08F6017-3C95-43C3-AB56-769E486C514C}.Debug|Any CPU.Build.0 = Debug|Any CPU
		{D08F6017-3C95-43C3-AB56-769E486C514C}.Debug|Any CPU.Deploy.0 = Debug|Any CPU
		{D08F6017-3C95-43C3-AB56-769E486C514C}.Release|Any CPU.ActiveCfg = Release|Any CPU
		{D08F6017-3C95-43C3-AB56-769E486C514C}.Release|Any CPU.Build.0 = Release|Any CPU
		{D08F6017-3C95-43C3-AB56-769E486C514C}.Release|Any CPU.Deploy.0 = Release|Any CPU
		{31B75786-B316-4402-B7A7-34424D37C6B3}.Debug|Any CPU.ActiveCfg = Debug|Any CPU
		{31B75786-B316-4402-B7A7-34424D37C6B3}.Debug|Any CPU.Build.0 = Debug|Any CPU
		{31B75786-B316-4402-B7A7-34424D37C6B3}.Release|Any CPU.ActiveCfg = Release|Any CPU
		{31B75786-B316-4402-B7A7-34424D37C6B3}.Release|Any CPU.Build.0 = Release|Any CPU
	EndGlobalSection
	GlobalSection(SolutionProperties) = preSolution
		HideSolutionNode = FALSE
	EndGlobalSection
	GlobalSection(ExtensibilityGlobals) = postSolution
		SolutionGuid = {8016931E-D00F-4255-870C-A7906AC04CF2}
	EndGlobalSection
EndGlobal
